
Microsoft Visual Studio Solution File, Format Version 12.00
# Visual Studio Version 16
VisualStudioVersion = 16.0.29806.167
MinimumVisualStudioVersion = 10.0.40219.1
Project("{FAE04EC0-301F-11D3-BF4B-00C04F79EFBC}") = "Veterinaria.Common", "Veterinaria.Common\Veterinaria.Common.csproj", "{202AC968-5DEB-4FF7-A82F-C973EF8D3505}"
EndProject
Project("{FAE04EC0-301F-11D3-BF4B-00C04F79EFBC}") = "Veterinaria.Web", "Veterinaria.Web\Veterinaria.Web.csproj", "{91F2FA9C-4CB9-4514-AFB9-C89202799565}"
EndProject
Global
	GlobalSection(SolutionConfigurationPlatforms) = preSolution
		Debug|Any CPU = Debug|Any CPU
		Release|Any CPU = Release|Any CPU
	EndGlobalSection
	GlobalSection(ProjectConfigurationPlatforms) = postSolution
		{202AC968-5DEB-4FF7-A82F-C973EF8D3505}.Debug|Any CPU.ActiveCfg = Debug|Any CPU
		{202AC968-5DEB-4FF7-A82F-C973EF8D3505}.Debug|Any CPU.Build.0 = Debug|Any CPU
		{202AC968-5DEB-4FF7-A82F-C973EF8D3505}.Release|Any CPU.ActiveCfg = Release|Any CPU
		{202AC968-5DEB-4FF7-A82F-C973EF8D3505}.Release|Any CPU.Build.0 = Release|Any CPU
		{91F2FA9C-4CB9-4514-AFB9-C89202799565}.Debug|Any CPU.ActiveCfg = Debug|Any CPU
		{91F2FA9C-4CB9-4514-AFB9-C89202799565}.Debug|Any CPU.Build.0 = Debug|Any CPU
		{91F2FA9C-4CB9-4514-AFB9-C89202799565}.Release|Any CPU.ActiveCfg = Release|Any CPU
		{91F2FA9C-4CB9-4514-AFB9-C89202799565}.Release|Any CPU.Build.0 = Release|Any CPU
	EndGlobalSection
	GlobalSection(SolutionProperties) = preSolution
		HideSolutionNode = FALSE
	EndGlobalSection
	GlobalSection(ExtensibilityGlobals) = postSolution
		SolutionGuid = {049E574F-1EDF-4414-9F3D-A7E7EFC47D9B}
	EndGlobalSection
EndGlobal
